
Microsoft Visual Studio Solution File, Format Version 12.00
# Visual Studio Version 16
VisualStudioVersion = 16.0.29418.71
MinimumVisualStudioVersion = 10.0.40219.1
Project("{FAE04EC0-301F-11D3-BF4B-00C04F79EFBC}") = "Blockchain", "Blockchain\Blockchain.csproj", "{98FFD52D-6CF0-4F3B-9547-1F5F6ABBB647}"
EndProject
Global
	GlobalSection(SolutionConfigurationPlatforms) = preSolution
		Debug|Any CPU = Debug|Any CPU
		Release|Any CPU = Release|Any CPU
	EndGlobalSection
	GlobalSection(ProjectConfigurationPlatforms) = postSolution
		{98FFD52D-6CF0-4F3B-9547-1F5F6ABBB647}.Debug|Any CPU.ActiveCfg = Debug|Any CPU
		{98FFD52D-6CF0-4F3B-9547-1F5F6ABBB647}.Debug|Any CPU.Build.0 = Debug|Any CPU
		{98FFD52D-6CF0-4F3B-9547-1F5F6ABBB647}.Release|Any CPU.ActiveCfg = Release|Any CPU
		{98FFD52D-6CF0-4F3B-9547-1F5F6ABBB647}.Release|Any CPU.Build.0 = Release|Any CPU
	EndGlobalSection
	GlobalSection(SolutionProperties) = preSolution
		HideSolutionNode = FALSE
	EndGlobalSection
	GlobalSection(ExtensibilityGlobals) = postSolution
		SolutionGuid = {60776E45-0FB2-40C0-9AAB-43E3CB83AE71}
	EndGlobalSection
EndGlobal
